// !$*UTF8*$!
{
	archiveVersion = 1;
	classes = {
	};
	objectVersion = 46;
	objects = {

/* Begin PBXBuildFile section */
		3BA0EF521E15514200AF8A21 /* main.m in Sources */ = {isa = PBXBuildFile; fileRef = 3BA0EF511E15514200AF8A21 /* main.m */; };
		3BA0EF551E15514200AF8A21 /* AppDelegate.m in Sources */ = {isa = PBXBuildFile; fileRef = 3BA0EF541E15514200AF8A21 /* AppDelegate.m */; };
		3BA0EF5B1E15514200AF8A21 /* Main.storyboard in Resources */ = {isa = PBXBuildFile; fileRef = 3BA0EF591E15514200AF8A21 /* Main.storyboard */; };
		3BA0EF5E1E15514200AF8A21 /* Lovers.xcdatamodeld in Sources */ = {isa = PBXBuildFile; fileRef = 3BA0EF5C1E15514200AF8A21 /* Lovers.xcdatamodeld */; };
		3BA0EF601E15514200AF8A21 /* Assets.xcassets in Resources */ = {isa = PBXBuildFile; fileRef = 3BA0EF5F1E15514200AF8A21 /* Assets.xcassets */; };
		3BA0EF631E15514200AF8A21 /* LaunchScreen.storyboard in Resources */ = {isa = PBXBuildFile; fileRef = 3BA0EF611E15514200AF8A21 /* LaunchScreen.storyboard */; };
		3BBA98461E1630B300380B7C /* libz.tbd in Frameworks */ = {isa = PBXBuildFile; fileRef = 3BBA98451E1630B300380B7C /* libz.tbd */; };
		3BBA98481E1630C300380B7C /* libc++.tbd in Frameworks */ = {isa = PBXBuildFile; fileRef = 3BBA98471E1630C300380B7C /* libc++.tbd */; };
		3BBA984A1E1630D800380B7C /* libicucore.tbd in Frameworks */ = {isa = PBXBuildFile; fileRef = 3BBA98491E1630D800380B7C /* libicucore.tbd */; };
		3BBA984C1E1630F000380B7C /* libsqlite3.tbd in Frameworks */ = {isa = PBXBuildFile; fileRef = 3BBA984B1E1630F000380B7C /* libsqlite3.tbd */; };
		3BBA984E1E1630FE00380B7C /* SystemConfiguration.framework in Frameworks */ = {isa = PBXBuildFile; fileRef = 3BBA984D1E1630FE00380B7C /* SystemConfiguration.framework */; };
		3BBA98501E16310900380B7C /* MobileCoreServices.framework in Frameworks */ = {isa = PBXBuildFile; fileRef = 3BBA984F1E16310900380B7C /* MobileCoreServices.framework */; };
		3BBA98521E16311800380B7C /* CoreTelephony.framework in Frameworks */ = {isa = PBXBuildFile; fileRef = 3BBA98511E16311800380B7C /* CoreTelephony.framework */; };
		3BBA98541E16312400380B7C /* CoreLocation.framework in Frameworks */ = {isa = PBXBuildFile; fileRef = 3BBA98531E16312400380B7C /* CoreLocation.framework */; };
		3BBA98581E165B9400380B7C /* LOVERS.png in Resources */ = {isa = PBXBuildFile; fileRef = 3BBA98571E165B9400380B7C /* LOVERS.png */; };
		3BBA98991E18D1D800380B7C /* CheckTableViewController.m in Sources */ = {isa = PBXBuildFile; fileRef = 3BBA988E1E18D1D800380B7C /* CheckTableViewController.m */; };
		3BBA989A1E18D1D800380B7C /* CheckTableViewController.xib in Resources */ = {isa = PBXBuildFile; fileRef = 3BBA988F1E18D1D800380B7C /* CheckTableViewController.xib */; };
		3BBA989B1E18D1D800380B7C /* HomeViewController.m in Sources */ = {isa = PBXBuildFile; fileRef = 3BBA98911E18D1D800380B7C /* HomeViewController.m */; };
		3BBA989C1E18D1D800380B7C /* HomeViewController.xib in Resources */ = {isa = PBXBuildFile; fileRef = 3BBA98921E18D1D800380B7C /* HomeViewController.xib */; };
		3BBA989D1E18D1D800380B7C /* ResumeViewController.m in Sources */ = {isa = PBXBuildFile; fileRef = 3BBA98941E18D1D800380B7C /* ResumeViewController.m */; };
		3BBA989E1E18D1D800380B7C /* ResumeViewController.xib in Resources */ = {isa = PBXBuildFile; fileRef = 3BBA98951E18D1D800380B7C /* ResumeViewController.xib */; };
		3BBA989F1E18D1D800380B7C /* SettingViewController.m in Sources */ = {isa = PBXBuildFile; fileRef = 3BBA98971E18D1D800380B7C /* SettingViewController.m */; };
		3BBA98A01E18D1D800380B7C /* SettingViewController.xib in Resources */ = {isa = PBXBuildFile; fileRef = 3BBA98981E18D1D800380B7C /* SettingViewController.xib */; };
		3BBA98A31E18D21100380B7C /* Appearance.m in Sources */ = {isa = PBXBuildFile; fileRef = 3BBA98A21E18D21100380B7C /* Appearance.m */; };
		3BBA98A61E18D28500380B7C /* NetworkBase.m in Sources */ = {isa = PBXBuildFile; fileRef = 3BBA98A51E18D28500380B7C /* NetworkBase.m */; };
		3BBA98A91E18D38400380B7C /* ServiceUser.m in Sources */ = {isa = PBXBuildFile; fileRef = 3BBA98A81E18D38400380B7C /* ServiceUser.m */; };
		3BBA98B21E18DB7200380B7C /* ServiceRecord.m in Sources */ = {isa = PBXBuildFile; fileRef = 3BBA98B11E18DB7200380B7C /* ServiceRecord.m */; };
		3BD2CF101E18DDBD008E9C2D /* RecordObject.m in Sources */ = {isa = PBXBuildFile; fileRef = 3BD2CF0F1E18DDBD008E9C2D /* RecordObject.m */; };
		3BD2CF131E18E14B008E9C2D /* BaseDataModel.m in Sources */ = {isa = PBXBuildFile; fileRef = 3BD2CF121E18E14B008E9C2D /* BaseDataModel.m */; };
		3BD2CF191E190FC9008E9C2D /* UserObject.m in Sources */ = {isa = PBXBuildFile; fileRef = 3BD2CF181E190FC9008E9C2D /* UserObject.m */; };
		3BD2CF1C1E191E14008E9C2D /* TargetObject.m in Sources */ = {isa = PBXBuildFile; fileRef = 3BD2CF1B1E191E14008E9C2D /* TargetObject.m */; };
		3BD2CF1F1E19213B008E9C2D /* CheckObject.m in Sources */ = {isa = PBXBuildFile; fileRef = 3BD2CF1E1E19213B008E9C2D /* CheckObject.m */; };
		3BD2CF221E1924FC008E9C2D /* Memory.m in Sources */ = {isa = PBXBuildFile; fileRef = 3BD2CF211E1924FC008E9C2D /* Memory.m */; };
		CBBDA0BC0B2D97ADBF23AE2A /* libPods-Lovers.a in Frameworks */ = {isa = PBXBuildFile; fileRef = CC920B325A5017925D78351F /* libPods-Lovers.a */; };
/* End PBXBuildFile section */

/* Begin PBXFileReference section */
		00E0C848949350F47226DF36 /* Pods-Lovers.release.xcconfig */ = {isa = PBXFileReference; includeInIndex = 1; lastKnownFileType = text.xcconfig; name = "Pods-Lovers.release.xcconfig"; path = "Pods/Target Support Files/Pods-Lovers/Pods-Lovers.release.xcconfig"; sourceTree = "<group>"; };
		3BA0EF4D1E15514200AF8A21 /* Lovers.app */ = {isa = PBXFileReference; explicitFileType = wrapper.application; includeInIndex = 0; path = Lovers.app; sourceTree = BUILT_PRODUCTS_DIR; };
		3BA0EF511E15514200AF8A21 /* main.m */ = {isa = PBXFileReference; lastKnownFileType = sourcecode.c.objc; path = main.m; sourceTree = "<group>"; };
		3BA0EF531E15514200AF8A21 /* AppDelegate.h */ = {isa = PBXFileReference; lastKnownFileType = sourcecode.c.h; path = AppDelegate.h; sourceTree = "<group>"; };
		3BA0EF541E15514200AF8A21 /* AppDelegate.m */ = {isa = PBXFileReference; lastKnownFileType = sourcecode.c.objc; path = AppDelegate.m; sourceTree = "<group>"; };
		3BA0EF5A1E15514200AF8A21 /* Base */ = {isa = PBXFileReference; lastKnownFileType = file.storyboard; name = Base; path = Base.lproj/Main.storyboard; sourceTree = "<group>"; };
		3BA0EF5D1E15514200AF8A21 /* Lovers.xcdatamodel */ = {isa = PBXFileReference; lastKnownFileType = wrapper.xcdatamodel; path = Lovers.xcdatamodel; sourceTree = "<group>"; };
		3BA0EF5F1E15514200AF8A21 /* Assets.xcassets */ = {isa = PBXFileReference; lastKnownFileType = folder.assetcatalog; path = Assets.xcassets; sourceTree = "<group>"; };
		3BA0EF621E15514200AF8A21 /* Base */ = {isa = PBXFileReference; lastKnownFileType = file.storyboard; name = Base; path = Base.lproj/LaunchScreen.storyboard; sourceTree = "<group>"; };
		3BA0EF641E15514200AF8A21 /* Info.plist */ = {isa = PBXFileReference; lastKnownFileType = text.plist.xml; path = Info.plist; sourceTree = "<group>"; };
		3BBA98451E1630B300380B7C /* libz.tbd */ = {isa = PBXFileReference; lastKnownFileType = "sourcecode.text-based-dylib-definition"; name = libz.tbd; path = usr/lib/libz.tbd; sourceTree = SDKROOT; };
		3BBA98471E1630C300380B7C /* libc++.tbd */ = {isa = PBXFileReference; lastKnownFileType = "sourcecode.text-based-dylib-definition"; name = "libc++.tbd"; path = "usr/lib/libc++.tbd"; sourceTree = SDKROOT; };
		3BBA98491E1630D800380B7C /* libicucore.tbd */ = {isa = PBXFileReference; lastKnownFileType = "sourcecode.text-based-dylib-definition"; name = libicucore.tbd; path = usr/lib/libicucore.tbd; sourceTree = SDKROOT; };
		3BBA984B1E1630F000380B7C /* libsqlite3.tbd */ = {isa = PBXFileReference; lastKnownFileType = "sourcecode.text-based-dylib-definition"; name = libsqlite3.tbd; path = usr/lib/libsqlite3.tbd; sourceTree = SDKROOT; };
		3BBA984D1E1630FE00380B7C /* SystemConfiguration.framework */ = {isa = PBXFileReference; lastKnownFileType = wrapper.framework; name = SystemConfiguration.framework; path = System/Library/Frameworks/SystemConfiguration.framework; sourceTree = SDKROOT; };
		3BBA984F1E16310900380B7C /* MobileCoreServices.framework */ = {isa = PBXFileReference; lastKnownFileType = wrapper.framework; name = MobileCoreServices.framework; path = System/Library/Frameworks/MobileCoreServices.framework; sourceTree = SDKROOT; };
		3BBA98511E16311800380B7C /* CoreTelephony.framework */ = {isa = PBXFileReference; lastKnownFileType = wrapper.framework; name = CoreTelephony.framework; path = System/Library/Frameworks/CoreTelephony.framework; sourceTree = SDKROOT; };
		3BBA98531E16312400380B7C /* CoreLocation.framework */ = {isa = PBXFileReference; lastKnownFileType = wrapper.framework; name = CoreLocation.framework; path = System/Library/Frameworks/CoreLocation.framework; sourceTree = SDKROOT; };
		3BBA98551E16313700380B7C /* libAVOSCloud.a */ = {isa = PBXFileReference; lastKnownFileType = archive.ar; name = libAVOSCloud.a; path = "Pods/../build/Debug-iphoneos/AVOSCloud/libAVOSCloud.a"; sourceTree = "<group>"; };
		3BBA98571E165B9400380B7C /* LOVERS.png */ = {isa = PBXFileReference; lastKnownFileType = image.png; name = LOVERS.png; path = ../../../../Desktop/LOVERS.png; sourceTree = "<group>"; };
		3BBA988D1E18D1D800380B7C /* CheckTableViewController.h */ = {isa = PBXFileReference; fileEncoding = 4; lastKnownFileType = sourcecode.c.h; path = CheckTableViewController.h; sourceTree = "<group>"; };
		3BBA988E1E18D1D800380B7C /* CheckTableViewController.m */ = {isa = PBXFileReference; fileEncoding = 4; lastKnownFileType = sourcecode.c.objc; path = CheckTableViewController.m; sourceTree = "<group>"; };
		3BBA988F1E18D1D800380B7C /* CheckTableViewController.xib */ = {isa = PBXFileReference; fileEncoding = 4; lastKnownFileType = file.xib; path = CheckTableViewController.xib; sourceTree = "<group>"; };
		3BBA98901E18D1D800380B7C /* HomeViewController.h */ = {isa = PBXFileReference; fileEncoding = 4; lastKnownFileType = sourcecode.c.h; path = HomeViewController.h; sourceTree = "<group>"; };
		3BBA98911E18D1D800380B7C /* HomeViewController.m */ = {isa = PBXFileReference; fileEncoding = 4; lastKnownFileType = sourcecode.c.objc; path = HomeViewController.m; sourceTree = "<group>"; };
		3BBA98921E18D1D800380B7C /* HomeViewController.xib */ = {isa = PBXFileReference; fileEncoding = 4; lastKnownFileType = file.xib; path = HomeViewController.xib; sourceTree = "<group>"; };
		3BBA98931E18D1D800380B7C /* ResumeViewController.h */ = {isa = PBXFileReference; fileEncoding = 4; lastKnownFileType = sourcecode.c.h; path = ResumeViewController.h; sourceTree = "<group>"; };
		3BBA98941E18D1D800380B7C /* ResumeViewController.m */ = {isa = PBXFileReference; fileEncoding = 4; lastKnownFileType = sourcecode.c.objc; path = ResumeViewController.m; sourceTree = "<group>"; };
		3BBA98951E18D1D800380B7C /* ResumeViewController.xib */ = {isa = PBXFileReference; fileEncoding = 4; lastKnownFileType = file.xib; path = ResumeViewController.xib; sourceTree = "<group>"; };
		3BBA98961E18D1D800380B7C /* SettingViewController.h */ = {isa = PBXFileReference; fileEncoding = 4; lastKnownFileType = sourcecode.c.h; path = SettingViewController.h; sourceTree = "<group>"; };
		3BBA98971E18D1D800380B7C /* SettingViewController.m */ = {isa = PBXFileReference; fileEncoding = 4; lastKnownFileType = sourcecode.c.objc; path = SettingViewController.m; sourceTree = "<group>"; };
		3BBA98981E18D1D800380B7C /* SettingViewController.xib */ = {isa = PBXFileReference; fileEncoding = 4; lastKnownFileType = file.xib; path = SettingViewController.xib; sourceTree = "<group>"; };
		3BBA98A11E18D21100380B7C /* Appearance.h */ = {isa = PBXFileReference; fileEncoding = 4; lastKnownFileType = sourcecode.c.h; path = Appearance.h; sourceTree = "<group>"; };
		3BBA98A21E18D21100380B7C /* Appearance.m */ = {isa = PBXFileReference; fileEncoding = 4; lastKnownFileType = sourcecode.c.objc; path = Appearance.m; sourceTree = "<group>"; };
		3BBA98A41E18D28500380B7C /* NetworkBase.h */ = {isa = PBXFileReference; fileEncoding = 4; lastKnownFileType = sourcecode.c.h; path = NetworkBase.h; sourceTree = "<group>"; };
		3BBA98A51E18D28500380B7C /* NetworkBase.m */ = {isa = PBXFileReference; fileEncoding = 4; lastKnownFileType = sourcecode.c.objc; path = NetworkBase.m; sourceTree = "<group>"; };
		3BBA98A71E18D38400380B7C /* ServiceUser.h */ = {isa = PBXFileReference; fileEncoding = 4; lastKnownFileType = sourcecode.c.h; path = ServiceUser.h; sourceTree = "<group>"; };
		3BBA98A81E18D38400380B7C /* ServiceUser.m */ = {isa = PBXFileReference; fileEncoding = 4; lastKnownFileType = sourcecode.c.objc; path = ServiceUser.m; sourceTree = "<group>"; };
		3BBA98B01E18DB7200380B7C /* ServiceRecord.h */ = {isa = PBXFileReference; fileEncoding = 4; lastKnownFileType = sourcecode.c.h; path = ServiceRecord.h; sourceTree = "<group>"; };
		3BBA98B11E18DB7200380B7C /* ServiceRecord.m */ = {isa = PBXFileReference; fileEncoding = 4; lastKnownFileType = sourcecode.c.objc; path = ServiceRecord.m; sourceTree = "<group>"; };
		3BD2CF0E1E18DDBC008E9C2D /* RecordObject.h */ = {isa = PBXFileReference; fileEncoding = 4; lastKnownFileType = sourcecode.c.h; path = RecordObject.h; sourceTree = "<group>"; };
		3BD2CF0F1E18DDBD008E9C2D /* RecordObject.m */ = {isa = PBXFileReference; fileEncoding = 4; lastKnownFileType = sourcecode.c.objc; path = RecordObject.m; sourceTree = "<group>"; };
		3BD2CF111E18E14B008E9C2D /* BaseDataModel.h */ = {isa = PBXFileReference; fileEncoding = 4; lastKnownFileType = sourcecode.c.h; path = BaseDataModel.h; sourceTree = "<group>"; };
		3BD2CF121E18E14B008E9C2D /* BaseDataModel.m */ = {isa = PBXFileReference; fileEncoding = 4; lastKnownFileType = sourcecode.c.objc; path = BaseDataModel.m; sourceTree = "<group>"; };
		3BD2CF171E190FC9008E9C2D /* UserObject.h */ = {isa = PBXFileReference; fileEncoding = 4; lastKnownFileType = sourcecode.c.h; path = UserObject.h; sourceTree = "<group>"; };
		3BD2CF181E190FC9008E9C2D /* UserObject.m */ = {isa = PBXFileReference; fileEncoding = 4; lastKnownFileType = sourcecode.c.objc; path = UserObject.m; sourceTree = "<group>"; };
		3BD2CF1A1E191E14008E9C2D /* TargetObject.h */ = {isa = PBXFileReference; fileEncoding = 4; lastKnownFileType = sourcecode.c.h; path = TargetObject.h; sourceTree = "<group>"; };
		3BD2CF1B1E191E14008E9C2D /* TargetObject.m */ = {isa = PBXFileReference; fileEncoding = 4; lastKnownFileType = sourcecode.c.objc; path = TargetObject.m; sourceTree = "<group>"; };
		3BD2CF1D1E19213B008E9C2D /* CheckObject.h */ = {isa = PBXFileReference; fileEncoding = 4; lastKnownFileType = sourcecode.c.h; path = CheckObject.h; sourceTree = "<group>"; };
		3BD2CF1E1E19213B008E9C2D /* CheckObject.m */ = {isa = PBXFileReference; fileEncoding = 4; lastKnownFileType = sourcecode.c.objc; path = CheckObject.m; sourceTree = "<group>"; };
		3BD2CF201E1924FC008E9C2D /* Memory.h */ = {isa = PBXFileReference; fileEncoding = 4; lastKnownFileType = sourcecode.c.h; path = Memory.h; sourceTree = "<group>"; };
		3BD2CF211E1924FC008E9C2D /* Memory.m */ = {isa = PBXFileReference; fileEncoding = 4; lastKnownFileType = sourcecode.c.objc; path = Memory.m; sourceTree = "<group>"; };
		6ED336D48A682BBCF4B14786 /* Pods-Lovers.debug.xcconfig */ = {isa = PBXFileReference; includeInIndex = 1; lastKnownFileType = text.xcconfig; name = "Pods-Lovers.debug.xcconfig"; path = "Pods/Target Support Files/Pods-Lovers/Pods-Lovers.debug.xcconfig"; sourceTree = "<group>"; };
		CC920B325A5017925D78351F /* libPods-Lovers.a */ = {isa = PBXFileReference; explicitFileType = archive.ar; includeInIndex = 0; path = "libPods-Lovers.a"; sourceTree = BUILT_PRODUCTS_DIR; };
/* End PBXFileReference section */

/* Begin PBXFrameworksBuildPhase section */
		3BA0EF4A1E15514200AF8A21 /* Frameworks */ = {
			isa = PBXFrameworksBuildPhase;
			buildActionMask = 2147483647;
			files = (
				3BBA98541E16312400380B7C /* CoreLocation.framework in Frameworks */,
				3BBA98521E16311800380B7C /* CoreTelephony.framework in Frameworks */,
				3BBA98501E16310900380B7C /* MobileCoreServices.framework in Frameworks */,
				3BBA984E1E1630FE00380B7C /* SystemConfiguration.framework in Frameworks */,
				3BBA984C1E1630F000380B7C /* libsqlite3.tbd in Frameworks */,
				3BBA984A1E1630D800380B7C /* libicucore.tbd in Frameworks */,
				3BBA98481E1630C300380B7C /* libc++.tbd in Frameworks */,
				3BBA98461E1630B300380B7C /* libz.tbd in Frameworks */,
				CBBDA0BC0B2D97ADBF23AE2A /* libPods-Lovers.a in Frameworks */,
			);
			runOnlyForDeploymentPostprocessing = 0;
		};
/* End PBXFrameworksBuildPhase section */

/* Begin PBXGroup section */
		3BA0EF441E15514200AF8A21 = {
			isa = PBXGroup;
			children = (
				3BA0EF4F1E15514200AF8A21 /* Lovers */,
				3BA0EF4E1E15514200AF8A21 /* Products */,
				D60CB821457CDEFB04EC76C0 /* Pods */,
				99BEDA8C4C4E6B46A8F0910F /* Frameworks */,
			);
			sourceTree = "<group>";
		};
		3BA0EF4E1E15514200AF8A21 /* Products */ = {
			isa = PBXGroup;
			children = (
				3BA0EF4D1E15514200AF8A21 /* Lovers.app */,
			);
			name = Products;
			sourceTree = "<group>";
		};
		3BA0EF4F1E15514200AF8A21 /* Lovers */ = {
			isa = PBXGroup;
			children = (
				3BBA988A1E18CF2700380B7C /* Views */,
				3BBA98891E18CF1400380B7C /* Models */,
				3BBA985F1E16629000380B7C /* Settings */,
				3BBA985E1E165F1F00380B7C /* Modules */,
				3BBA98571E165B9400380B7C /* LOVERS.png */,
				3BA0EF531E15514200AF8A21 /* AppDelegate.h */,
				3BA0EF541E15514200AF8A21 /* AppDelegate.m */,
				3BA0EF591E15514200AF8A21 /* Main.storyboard */,
				3BA0EF5F1E15514200AF8A21 /* Assets.xcassets */,
				3BA0EF611E15514200AF8A21 /* LaunchScreen.storyboard */,
				3BA0EF641E15514200AF8A21 /* Info.plist */,
				3BA0EF5C1E15514200AF8A21 /* Lovers.xcdatamodeld */,
				3BA0EF501E15514200AF8A21 /* Supporting Files */,
			);
			path = Lovers;
			sourceTree = "<group>";
		};
		3BA0EF501E15514200AF8A21 /* Supporting Files */ = {
			isa = PBXGroup;
			children = (
				3BA0EF511E15514200AF8A21 /* main.m */,
			);
			name = "Supporting Files";
			sourceTree = "<group>";
		};
		3BBA985E1E165F1F00380B7C /* Modules */ = {
			isa = PBXGroup;
			children = (
				3BBA988D1E18D1D800380B7C /* CheckTableViewController.h */,
				3BBA988E1E18D1D800380B7C /* CheckTableViewController.m */,
				3BBA988F1E18D1D800380B7C /* CheckTableViewController.xib */,
				3BBA98901E18D1D800380B7C /* HomeViewController.h */,
				3BBA98911E18D1D800380B7C /* HomeViewController.m */,
				3BBA98921E18D1D800380B7C /* HomeViewController.xib */,
				3BBA98931E18D1D800380B7C /* ResumeViewController.h */,
				3BBA98941E18D1D800380B7C /* ResumeViewController.m */,
				3BBA98951E18D1D800380B7C /* ResumeViewController.xib */,
				3BBA98961E18D1D800380B7C /* SettingViewController.h */,
				3BBA98971E18D1D800380B7C /* SettingViewController.m */,
				3BBA98981E18D1D800380B7C /* SettingViewController.xib */,
			);
			path = Modules;
			sourceTree = "<group>";
		};
		3BBA985F1E16629000380B7C /* Settings */ = {
			isa = PBXGroup;
			children = (
				3BBA98A11E18D21100380B7C /* Appearance.h */,
				3BBA98A21E18D21100380B7C /* Appearance.m */,
			);
			path = Settings;
			sourceTree = "<group>";
		};
		3BBA98891E18CF1400380B7C /* Models */ = {
			isa = PBXGroup;
			children = (
				3BBA988C1E18D17000380B7C /* DataModel */,
				3BBA988B1E18D16900380B7C /* Services */,
				3BBA98A41E18D28500380B7C /* NetworkBase.h */,
				3BBA98A51E18D28500380B7C /* NetworkBase.m */,
			);
			path = Models;
			sourceTree = "<group>";
		};
		3BBA988A1E18CF2700380B7C /* Views */ = {
			isa = PBXGroup;
			children = (
			);
			name = Views;
			sourceTree = "<group>";
		};
		3BBA988B1E18D16900380B7C /* Services */ = {
			isa = PBXGroup;
			children = (
				3BBA98A71E18D38400380B7C /* ServiceUser.h */,
				3BBA98A81E18D38400380B7C /* ServiceUser.m */,
				3BBA98B01E18DB7200380B7C /* ServiceRecord.h */,
				3BBA98B11E18DB7200380B7C /* ServiceRecord.m */,
			);
			path = Services;
			sourceTree = "<group>";
		};
		3BBA988C1E18D17000380B7C /* DataModel */ = {
			isa = PBXGroup;
			children = (
				3BD2CF171E190FC9008E9C2D /* UserObject.h */,
				3BD2CF181E190FC9008E9C2D /* UserObject.m */,
				3BD2CF0E1E18DDBC008E9C2D /* RecordObject.h */,
				3BD2CF0F1E18DDBD008E9C2D /* RecordObject.m */,
				3BD2CF201E1924FC008E9C2D /* Memory.h */,
				3BD2CF211E1924FC008E9C2D /* Memory.m */,
				3BD2CF1D1E19213B008E9C2D /* CheckObject.h */,
				3BD2CF1E1E19213B008E9C2D /* CheckObject.m */,
				3BD2CF1A1E191E14008E9C2D /* TargetObject.h */,
				3BD2CF1B1E191E14008E9C2D /* TargetObject.m */,
				3BD2CF111E18E14B008E9C2D /* BaseDataModel.h */,
				3BD2CF121E18E14B008E9C2D /* BaseDataModel.m */,
			);
			path = DataModel;
			sourceTree = "<group>";
		};
		99BEDA8C4C4E6B46A8F0910F /* Frameworks */ = {
			isa = PBXGroup;
			children = (
				3BBA98551E16313700380B7C /* libAVOSCloud.a */,
				3BBA98531E16312400380B7C /* CoreLocation.framework */,
				3BBA98511E16311800380B7C /* CoreTelephony.framework */,
				3BBA984F1E16310900380B7C /* MobileCoreServices.framework */,
				3BBA984D1E1630FE00380B7C /* SystemConfiguration.framework */,
				3BBA984B1E1630F000380B7C /* libsqlite3.tbd */,
				3BBA98491E1630D800380B7C /* libicucore.tbd */,
				3BBA98471E1630C300380B7C /* libc++.tbd */,
				3BBA98451E1630B300380B7C /* libz.tbd */,
				CC920B325A5017925D78351F /* libPods-Lovers.a */,
			);
			name = Frameworks;
			sourceTree = "<group>";
		};
		D60CB821457CDEFB04EC76C0 /* Pods */ = {
			isa = PBXGroup;
			children = (
				6ED336D48A682BBCF4B14786 /* Pods-Lovers.debug.xcconfig */,
				00E0C848949350F47226DF36 /* Pods-Lovers.release.xcconfig */,
			);
			name = Pods;
			sourceTree = "<group>";
		};
/* End PBXGroup section */

/* Begin PBXNativeTarget section */
		3BA0EF4C1E15514200AF8A21 /* Lovers */ = {
			isa = PBXNativeTarget;
			buildConfigurationList = 3BA0EF671E15514200AF8A21 /* Build configuration list for PBXNativeTarget "Lovers" */;
			buildPhases = (
				F62E0100FF57009257FBE5B5 /* [CP] Check Pods Manifest.lock */,
				3BA0EF491E15514200AF8A21 /* Sources */,
				3BA0EF4A1E15514200AF8A21 /* Frameworks */,
				3BA0EF4B1E15514200AF8A21 /* Resources */,
				A4B1CADC4252442475B48E2F /* [CP] Embed Pods Frameworks */,
				8920BC6905AF3CF394568762 /* [CP] Copy Pods Resources */,
			);
			buildRules = (
			);
			dependencies = (
			);
			name = Lovers;
			productName = Lovers;
			productReference = 3BA0EF4D1E15514200AF8A21 /* Lovers.app */;
			productType = "com.apple.product-type.application";
		};
/* End PBXNativeTarget section */

/* Begin PBXProject section */
		3BA0EF451E15514200AF8A21 /* Project object */ = {
			isa = PBXProject;
			attributes = {
				LastUpgradeCheck = 0820;
				ORGANIZATIONNAME = noneTobacco;
				TargetAttributes = {
					3BA0EF4C1E15514200AF8A21 = {
						CreatedOnToolsVersion = 8.2.1;
						ProvisioningStyle = Automatic;
					};
				};
			};
			buildConfigurationList = 3BA0EF481E15514200AF8A21 /* Build configuration list for PBXProject "Lovers" */;
			compatibilityVersion = "Xcode 3.2";
			developmentRegion = English;
			hasScannedForEncodings = 0;
			knownRegions = (
				en,
				Base,
			);
			mainGroup = 3BA0EF441E15514200AF8A21;
			productRefGroup = 3BA0EF4E1E15514200AF8A21 /* Products */;
			projectDirPath = "";
			projectRoot = "";
			targets = (
				3BA0EF4C1E15514200AF8A21 /* Lovers */,
			);
		};
/* End PBXProject section */

/* Begin PBXResourcesBuildPhase section */
		3BA0EF4B1E15514200AF8A21 /* Resources */ = {
			isa = PBXResourcesBuildPhase;
			buildActionMask = 2147483647;
			files = (
				3BBA98581E165B9400380B7C /* LOVERS.png in Resources */,
				3BA0EF631E15514200AF8A21 /* LaunchScreen.storyboard in Resources */,
				3BBA989A1E18D1D800380B7C /* CheckTableViewController.xib in Resources */,
				3BBA989E1E18D1D800380B7C /* ResumeViewController.xib in Resources */,
				3BA0EF601E15514200AF8A21 /* Assets.xcassets in Resources */,
				3BA0EF5B1E15514200AF8A21 /* Main.storyboard in Resources */,
				3BBA989C1E18D1D800380B7C /* HomeViewController.xib in Resources */,
				3BBA98A01E18D1D800380B7C /* SettingViewController.xib in Resources */,
			);
			runOnlyForDeploymentPostprocessing = 0;
		};
/* End PBXResourcesBuildPhase section */

/* Begin PBXShellScriptBuildPhase section */
		8920BC6905AF3CF394568762 /* [CP] Copy Pods Resources */ = {
			isa = PBXShellScriptBuildPhase;
			buildActionMask = 2147483647;
			files = (
			);
			inputPaths = (
			);
			name = "[CP] Copy Pods Resources";
			outputPaths = (
			);
			runOnlyForDeploymentPostprocessing = 0;
			shellPath = /bin/sh;
			shellScript = "\"${SRCROOT}/Pods/Target Support Files/Pods-Lovers/Pods-Lovers-resources.sh\"\n";
			showEnvVarsInLog = 0;
		};
		A4B1CADC4252442475B48E2F /* [CP] Embed Pods Frameworks */ = {
			isa = PBXShellScriptBuildPhase;
			buildActionMask = 2147483647;
			files = (
			);
			inputPaths = (
			);
			name = "[CP] Embed Pods Frameworks";
			outputPaths = (
			);
			runOnlyForDeploymentPostprocessing = 0;
			shellPath = /bin/sh;
			shellScript = "\"${SRCROOT}/Pods/Target Support Files/Pods-Lovers/Pods-Lovers-frameworks.sh\"\n";
			showEnvVarsInLog = 0;
		};
		F62E0100FF57009257FBE5B5 /* [CP] Check Pods Manifest.lock */ = {
			isa = PBXShellScriptBuildPhase;
			buildActionMask = 2147483647;
			files = (
			);
			inputPaths = (
			);
			name = "[CP] Check Pods Manifest.lock";
			outputPaths = (
			);
			runOnlyForDeploymentPostprocessing = 0;
			shellPath = /bin/sh;
			shellScript = "diff \"${PODS_ROOT}/../Podfile.lock\" \"${PODS_ROOT}/Manifest.lock\" > /dev/null\nif [ $? != 0 ] ; then\n    # print error to STDERR\n    echo \"error: The sandbox is not in sync with the Podfile.lock. Run 'pod install' or update your CocoaPods installation.\" >&2\n    exit 1\nfi\n";
			showEnvVarsInLog = 0;
		};
/* End PBXShellScriptBuildPhase section */

/* Begin PBXSourcesBuildPhase section */
		3BA0EF491E15514200AF8A21 /* Sources */ = {
			isa = PBXSourcesBuildPhase;
			buildActionMask = 2147483647;
			files = (
				3BBA98B21E18DB7200380B7C /* ServiceRecord.m in Sources */,
				3BA0EF551E15514200AF8A21 /* AppDelegate.m in Sources */,
				3BA0EF5E1E15514200AF8A21 /* Lovers.xcdatamodeld in Sources */,
				3BD2CF221E1924FC008E9C2D /* Memory.m in Sources */,
				3BA0EF521E15514200AF8A21 /* main.m in Sources */,
				3BBA98991E18D1D800380B7C /* CheckTableViewController.m in Sources */,
				3BBA989D1E18D1D800380B7C /* ResumeViewController.m in Sources */,
				3BBA989B1E18D1D800380B7C /* HomeViewController.m in Sources */,
				3BD2CF101E18DDBD008E9C2D /* RecordObject.m in Sources */,
				3BBA98A91E18D38400380B7C /* ServiceUser.m in Sources */,
				3BBA989F1E18D1D800380B7C /* SettingViewController.m in Sources */,
				3BD2CF131E18E14B008E9C2D /* BaseDataModel.m in Sources */,
				3BD2CF1C1E191E14008E9C2D /* TargetObject.m in Sources */,
				3BD2CF191E190FC9008E9C2D /* UserObject.m in Sources */,
				3BD2CF1F1E19213B008E9C2D /* CheckObject.m in Sources */,
				3BBA98A31E18D21100380B7C /* Appearance.m in Sources */,
				3BBA98A61E18D28500380B7C /* NetworkBase.m in Sources */,
			);
			runOnlyForDeploymentPostprocessing = 0;
		};
/* End PBXSourcesBuildPhase section */

/* Begin PBXVariantGroup section */
		3BA0EF591E15514200AF8A21 /* Main.storyboard */ = {
			isa = PBXVariantGroup;
			children = (
				3BA0EF5A1E15514200AF8A21 /* Base */,
			);
			name = Main.storyboard;
			sourceTree = "<group>";
		};
		3BA0EF611E15514200AF8A21 /* LaunchScreen.storyboard */ = {
			isa = PBXVariantGroup;
			children = (
				3BA0EF621E15514200AF8A21 /* Base */,
			);
			name = LaunchScreen.storyboard;
			sourceTree = "<group>";
		};
/* End PBXVariantGroup section */

/* Begin XCBuildConfiguration section */
		3BA0EF651E15514200AF8A21 /* Debug */ = {
			isa = XCBuildConfiguration;
			buildSettings = {
				ALWAYS_SEARCH_USER_PATHS = NO;
				CLANG_ANALYZER_NONNULL = YES;
				CLANG_CXX_LANGUAGE_STANDARD = "gnu++0x";
				CLANG_CXX_LIBRARY = "libc++";
				CLANG_ENABLE_MODULES = YES;
				CLANG_ENABLE_OBJC_ARC = YES;
				CLANG_WARN_BOOL_CONVERSION = YES;
				CLANG_WARN_CONSTANT_CONVERSION = YES;
				CLANG_WARN_DIRECT_OBJC_ISA_USAGE = YES_ERROR;
				CLANG_WARN_DOCUMENTATION_COMMENTS = YES;
				CLANG_WARN_EMPTY_BODY = YES;
				CLANG_WARN_ENUM_CONVERSION = YES;
				CLANG_WARN_INFINITE_RECURSION = YES;
				CLANG_WARN_INT_CONVERSION = YES;
				CLANG_WARN_OBJC_ROOT_CLASS = YES_ERROR;
				CLANG_WARN_SUSPICIOUS_MOVE = YES;
				CLANG_WARN_UNREACHABLE_CODE = YES;
				CLANG_WARN__DUPLICATE_METHOD_MATCH = YES;
				"CODE_SIGN_IDENTITY[sdk=iphoneos*]" = "iPhone Developer";
				COPY_PHASE_STRIP = NO;
				DEBUG_INFORMATION_FORMAT = dwarf;
				ENABLE_STRICT_OBJC_MSGSEND = YES;
				ENABLE_TESTABILITY = YES;
				GCC_C_LANGUAGE_STANDARD = gnu99;
				GCC_DYNAMIC_NO_PIC = NO;
				GCC_NO_COMMON_BLOCKS = YES;
				GCC_OPTIMIZATION_LEVEL = 0;
				GCC_PREPROCESSOR_DEFINITIONS = (
					"DEBUG=1",
					"$(inherited)",
				);
				GCC_WARN_64_TO_32_BIT_CONVERSION = YES;
				GCC_WARN_ABOUT_RETURN_TYPE = YES_ERROR;
				GCC_WARN_UNDECLARED_SELECTOR = YES;
				GCC_WARN_UNINITIALIZED_AUTOS = YES_AGGRESSIVE;
				GCC_WARN_UNUSED_FUNCTION = YES;
				GCC_WARN_UNUSED_VARIABLE = YES;
				IPHONEOS_DEPLOYMENT_TARGET = 8.0;
				MTL_ENABLE_DEBUG_INFO = YES;
				ONLY_ACTIVE_ARCH = YES;
				SDKROOT = iphoneos;
				TARGETED_DEVICE_FAMILY = "1,2";
			};
			name = Debug;
		};
		3BA0EF661E15514200AF8A21 /* Release */ = {
			isa = XCBuildConfiguration;
			buildSettings = {
				ALWAYS_SEARCH_USER_PATHS = NO;
				CLANG_ANALYZER_NONNULL = YES;
				CLANG_CXX_LANGUAGE_STANDARD = "gnu++0x";
				CLANG_CXX_LIBRARY = "libc++";
				CLANG_ENABLE_MODULES = YES;
				CLANG_ENABLE_OBJC_ARC = YES;
				CLANG_WARN_BOOL_CONVERSION = YES;
				CLANG_WARN_CONSTANT_CONVERSION = YES;
				CLANG_WARN_DIRECT_OBJC_ISA_USAGE = YES_ERROR;
				CLANG_WARN_DOCUMENTATION_COMMENTS = YES;
				CLANG_WARN_EMPTY_BODY = YES;
				CLANG_WARN_ENUM_CONVERSION = YES;
				CLANG_WARN_INFINITE_RECURSION = YES;
				CLANG_WARN_INT_CONVERSION = YES;
				CLANG_WARN_OBJC_ROOT_CLASS = YES_ERROR;
				CLANG_WARN_SUSPICIOUS_MOVE = YES;
				CLANG_WARN_UNREACHABLE_CODE = YES;
				CLANG_WARN__DUPLICATE_METHOD_MATCH = YES;
				"CODE_SIGN_IDENTITY[sdk=iphoneos*]" = "iPhone Developer";
				COPY_PHASE_STRIP = NO;
				DEBUG_INFORMATION_FORMAT = "dwarf-with-dsym";
				ENABLE_NS_ASSERTIONS = NO;
				ENABLE_STRICT_OBJC_MSGSEND = YES;
				GCC_C_LANGUAGE_STANDARD = gnu99;
				GCC_NO_COMMON_BLOCKS = YES;
				GCC_WARN_64_TO_32_BIT_CONVERSION = YES;
				GCC_WARN_ABOUT_RETURN_TYPE = YES_ERROR;
				GCC_WARN_UNDECLARED_SELECTOR = YES;
				GCC_WARN_UNINITIALIZED_AUTOS = YES_AGGRESSIVE;
				GCC_WARN_UNUSED_FUNCTION = YES;
				GCC_WARN_UNUSED_VARIABLE = YES;
				IPHONEOS_DEPLOYMENT_TARGET = 8.0;
				MTL_ENABLE_DEBUG_INFO = NO;
				SDKROOT = iphoneos;
				TARGETED_DEVICE_FAMILY = "1,2";
				VALIDATE_PRODUCT = YES;
			};
			name = Release;
		};
		3BA0EF681E15514200AF8A21 /* Debug */ = {
			isa = XCBuildConfiguration;
			baseConfigurationReference = 6ED336D48A682BBCF4B14786 /* Pods-Lovers.debug.xcconfig */;
			buildSettings = {
				ASSETCATALOG_COMPILER_APPICON_NAME = AppIcon;
				INFOPLIST_FILE = Lovers/Info.plist;
				LD_RUNPATH_SEARCH_PATHS = "$(inherited) @executable_path/Frameworks";
				LIBRARY_SEARCH_PATHS = (
					"$(inherited)",
					"$(PROJECT_DIR)/build/Debug-iphoneos/AVOSCloud",
				);
				PRODUCT_BUNDLE_IDENTIFIER = "-Janitie.Lovers";
				PRODUCT_NAME = "$(TARGET_NAME)";
			};
			name = Debug;
		};
		3BA0EF691E15514200AF8A21 /* Release */ = {
			isa = XCBuildConfiguration;
			baseConfigurationReference = 00E0C848949350F47226DF36 /* Pods-Lovers.release.xcconfig */;
			buildSettings = {
				ASSETCATALOG_COMPILER_APPICON_NAME = AppIcon;
				INFOPLIST_FILE = Lovers/Info.plist;
				LD_RUNPATH_SEARCH_PATHS = "$(inherited) @executable_path/Frameworks";
				LIBRARY_SEARCH_PATHS = (
					"$(inherited)",
					"$(PROJECT_DIR)/build/Debug-iphoneos/AVOSCloud",
				);
				PRODUCT_BUNDLE_IDENTIFIER = "-Janitie.Lovers";
				PRODUCT_NAME = "$(TARGET_NAME)";
			};
			name = Release;
		};
/* End XCBuildConfiguration section */

/* Begin XCConfigurationList section */
		3BA0EF481E15514200AF8A21 /* Build configuration list for PBXProject "Lovers" */ = {
			isa = XCConfigurationList;
			buildConfigurations = (
				3BA0EF651E15514200AF8A21 /* Debug */,
				3BA0EF661E15514200AF8A21 /* Release */,
			);
			defaultConfigurationIsVisible = 0;
			defaultConfigurationName = Release;
		};
		3BA0EF671E15514200AF8A21 /* Build configuration list for PBXNativeTarget "Lovers" */ = {
			isa = XCConfigurationList;
			buildConfigurations = (
				3BA0EF681E15514200AF8A21 /* Debug */,
				3BA0EF691E15514200AF8A21 /* Release */,
			);
			defaultConfigurationIsVisible = 0;
			defaultConfigurationName = Release;
		};
/* End XCConfigurationList section */

/* Begin XCVersionGroup section */
		3BA0EF5C1E15514200AF8A21 /* Lovers.xcdatamodeld */ = {
			isa = XCVersionGroup;
			children = (
				3BA0EF5D1E15514200AF8A21 /* Lovers.xcdatamodel */,
			);
			currentVersion = 3BA0EF5D1E15514200AF8A21 /* Lovers.xcdatamodel */;
			path = Lovers.xcdatamodeld;
			sourceTree = "<group>";
			versionGroupType = wrapper.xcdatamodel;
		};
/* End XCVersionGroup section */
	};
	rootObject = 3BA0EF451E15514200AF8A21 /* Project object */;
}
